{
  "nodes": {
    "nix-tf-schema": {
      "flake": false,
      "locked": {
        "lastModified": 1785769754,
        "narHash": "sha256-MsUM7F5R+44laHsgMXFddZacQ0NXFpN2SN6qHOmVtxc=",
        "ref": "refs/heads/main",
        "rev": "5d33a2ce2751e4b407e0269319457e088377077d",
        "revCount": 8,
        "type": "git",
        "url": "https://git.fediversity.eu/fediversity/nix-tf-schema"
      },
      "original": {
        "type": "git",
        "url": "https://git.fediversity.eu/fediversity/nix-tf-schema"
      }
    },
    "nixpkgs": {
      "locked": {
        "lastModified": 1783522502,
        "narHash": "sha256-iffAls3iaNTyJC2faYcUXSI+Gp02cDjYl+MygxKl2GI=",
        "owner": "NixOS",
        "repo": "nixpkgs",
        "rev": "0bb7ec54c8483066ec9d7720e780a5caa71f8612",
        "type": "github"
      },
      "original": {
        "owner": "NixOS",
        "ref": "nixos-unstable",
        "repo": "nixpkgs",
        "type": "github"
      }
    },
    "root": {
      "inputs": {
        "nix-tf-schema": "nix-tf-schema",
        "nixpkgs": "nixpkgs"
      }
    }
  },
  "root": "root",
  "version": 7
}
