{
  "nodes": {
    "nix-tf-schema": {
      "flake": false,
      "locked": {
        "lastModified": 1787497246,
        "narHash": "sha256-P5DkQx3WCxrRjI/CeLpsB8PY+pYmmmjFlsCIyiYF55Y=",
        "ref": "refs/heads/main",
        "rev": "3c0765d6db47e0ea6a9738d3221de8e26cbde093",
        "revCount": 21,
        "type": "git",
        "url": "https://git.fediversity.eu/fediversity/nix-tf-schema"
      },
      "original": {
        "type": "git",
        "url": "https://git.fediversity.eu/fediversity/nix-tf-schema"
      }
    },
    "nixpkgs": {
      "locked": {
        "lastModified": 1789546076,
        "narHash": "sha256-zVxLZiSnmaaPLwnhj7pwmqe3axBg/C6nG5JZsJMh2g4=",
        "owner": "NixOS",
        "repo": "nixpkgs",
        "rev": "b1b875982b17dabde9b4a37f3e229e74913e6db3",
        "type": "github"
      },
      "original": {
        "owner": "NixOS",
        "ref": "nixos-unstable",
        "repo": "nixpkgs",
        "type": "github"
      }
    },
    "root": {
      "inputs": {
        "nix-tf-schema": "nix-tf-schema",
        "nixpkgs": "nixpkgs"
      }
    }
  },
  "root": "root",
  "version": 7
}
